
Microsoft Visual Studio Solution File, Format Version 12.00
# Visual Studio Version 16
VisualStudioVersion = 16.0.31515.178
MinimumVisualStudioVersion = 10.0.40219.1
Project("{8BC9CEB8-8B4A-11D0-8D11-00A0C91BC942}") = "stdlib.h  strtoul函数  字符串转无符号长整数", "stdlib.h  strtoul函数  字符串转无符号长整数.vcxproj", "{FE2FF6B5-91B6-4312-8896-91E0F44E94FE}"
EndProject
Global
	GlobalSection(SolutionConfigurationPlatforms) = preSolution
		Debug|x64 = Debug|x64
		Debug|x86 = Debug|x86
		Release|x64 = Release|x64
		Release|x86 = Release|x86
	EndGlobalSection
	GlobalSection(ProjectConfigurationPlatforms) = postSolution
		{FE2FF6B5-91B6-4312-8896-91E0F44E94FE}.Debug|x64.ActiveCfg = Debug|x64
		{FE2FF6B5-91B6-4312-8896-91E0F44E94FE}.Debug|x64.Build.0 = Debug|x64
		{FE2FF6B5-91B6-4312-8896-91E0F44E94FE}.Debug|x86.ActiveCfg = Debug|Win32
		{FE2FF6B5-91B6-4312-8896-91E0F44E94FE}.Debug|x86.Build.0 = Debug|Win32
		{FE2FF6B5-91B6-4312-8896-91E0F44E94FE}.Release|x64.ActiveCfg = Release|x64
		{FE2FF6B5-91B6-4312-8896-91E0F44E94FE}.Release|x64.Build.0 = Release|x64
		{FE2FF6B5-91B6-4312-8896-91E0F44E94FE}.Release|x86.ActiveCfg = Release|Win32
		{FE2FF6B5-91B6-4312-8896-91E0F44E94FE}.Release|x86.Build.0 = Release|Win32
	EndGlobalSection
	GlobalSection(SolutionProperties) = preSolution
		HideSolutionNode = FALSE
	EndGlobalSection
	GlobalSection(ExtensibilityGlobals) = postSolution
		SolutionGuid = {A1C5142C-9E47-4746-92A6-309CDB0421BE}
	EndGlobalSection
EndGlobal
